
Microsoft Visual Studio Solution File, Format Version 12.00
# Visual Studio 14
VisualStudioVersion = 14.0.25420.1
MinimumVisualStudioVersion = 10.0.40219.1
Project("{FAE04EC0-301F-11D3-BF4B-00C04F79EFBC}") = "ApaScoreKeeper.Droid", "ApaScoreKeeper\ApaScoreKeeper.Droid\ApaScoreKeeper.Droid.csproj", "{CEFE7F9E-E42B-4530-8A99-14EA2442CCBC}"
EndProject
Project("{FAE04EC0-301F-11D3-BF4B-00C04F79EFBC}") = "ApaScoreKeeper.iOS", "ApaScoreKeeper\ApaScoreKeeper.iOS\ApaScoreKeeper.iOS.csproj", "{5517BE49-842B-4882-9A8D-E0A30A666322}"
EndProject
Project("{FAE04EC0-301F-11D3-BF4B-00C04F79EFBC}") = "ApaScoreKeeper.Windows", "ApaScoreKeeper\ApaScoreKeeper.Windows\ApaScoreKeeper.Windows.csproj", "{3C813CFD-C30B-481A-8377-E3D6AE618A13}"
EndProject
Project("{FAE04EC0-301F-11D3-BF4B-00C04F79EFBC}") = "ApaScoreKeeper", "ApaScoreKeeper\ApaScoreKeeper\ApaScoreKeeper.csproj", "{EA9B0889-B005-48D0-99D0-36EAB957AB96}"
EndProject
Project("{FAE04EC0-301F-11D3-BF4B-00C04F79EFBC}") = "ApaScoreKeeperWeb", "ApaScoreKeeperWeb\ApaScoreKeeperWeb.csproj", "{12182C30-BA1B-4DFF-8728-7643E9DDD76A}"
EndProject
Project("{2150E333-8FDC-42A3-9474-1A3956D46DE8}") = "PublishScripts", "PublishScripts", "{A9680C31-F5EE-4B4A-BAD2-EC347C9BBE41}"
EndProject
Project("{2150E333-8FDC-42A3-9474-1A3956D46DE8}") = "Scripts", "Scripts", "{AB5910C6-ECD8-4E28-8CFE-F0368448ABAD}"
	ProjectSection(SolutionItems) = preProject
		PublishScripts\Scripts\Deploy-AzureResourceGroup.ps1 = PublishScripts\Scripts\Deploy-AzureResourceGroup.ps1
	EndProjectSection
EndProject
Project("{2150E333-8FDC-42A3-9474-1A3956D46DE8}") = "Templates", "Templates", "{679A53ED-484F-44CA-BD2A-82E7A57A62B5}"
	ProjectSection(SolutionItems) = preProject
		PublishScripts\Templates\ApaScoreKeeperWeb.json = PublishScripts\Templates\ApaScoreKeeperWeb.json
		PublishScripts\Templates\ApaScoreKeeperWeb.param.dev.json = PublishScripts\Templates\ApaScoreKeeperWeb.param.dev.json
	EndProjectSection
EndProject
Global
	GlobalSection(SolutionConfigurationPlatforms) = preSolution
		Ad-Hoc|Any CPU = Ad-Hoc|Any CPU
		Ad-Hoc|ARM = Ad-Hoc|ARM
		Ad-Hoc|iPhone = Ad-Hoc|iPhone
		Ad-Hoc|iPhoneSimulator = Ad-Hoc|iPhoneSimulator
		Ad-Hoc|x64 = Ad-Hoc|x64
		Ad-Hoc|x86 = Ad-Hoc|x86
		AppStore|Any CPU = AppStore|Any CPU
		AppStore|ARM = AppStore|ARM
		AppStore|iPhone = AppStore|iPhone
		AppStore|iPhoneSimulator = AppStore|iPhoneSimulator
		AppStore|x64 = AppStore|x64
		AppStore|x86 = AppStore|x86
		Debug|Any CPU = Debug|Any CPU
		Debug|ARM = Debug|ARM
		Debug|iPhone = Debug|iPhone
		Debug|iPhoneSimulator = Debug|iPhoneSimulator
		Debug|x64 = Debug|x64
		Debug|x86 = Debug|x86
		Release|Any CPU = Release|Any CPU
		Release|ARM = Release|ARM
		Release|iPhone = Release|iPhone
		Release|iPhoneSimulator = Release|iPhoneSimulator
		Release|x64 = Release|x64
		Release|x86 = Release|x86
	EndGlobalSection
	GlobalSection(ProjectConfigurationPlatforms) = postSolution
		{CEFE7F9E-E42B-4530-8A99-14EA2442CCBC}.Ad-Hoc|Any CPU.ActiveCfg = Release|Any CPU
		{CEFE7F9E-E42B-4530-8A99-14EA2442CCBC}.Ad-Hoc|Any CPU.Build.0 = Release|Any CPU
		{CEFE7F9E-E42B-4530-8A99-14EA2442CCBC}.Ad-Hoc|Any CPU.Deploy.0 = Release|Any CPU
		{CEFE7F9E-E42B-4530-8A99-14EA2442CCBC}.Ad-Hoc|ARM.ActiveCfg = Release|Any CPU
		{CEFE7F9E-E42B-4530-8A99-14EA2442CCBC}.Ad-Hoc|ARM.Build.0 = Release|Any CPU
		{CEFE7F9E-E42B-4530-8A99-14EA2442CCBC}.Ad-Hoc|ARM.Deploy.0 = Release|Any CPU
		{CEFE7F9E-E42B-4530-8A99-14EA2442CCBC}.Ad-Hoc|iPhone.ActiveCfg = Release|Any CPU
		{CEFE7F9E-E42B-4530-8A99-14EA2442CCBC}.Ad-Hoc|iPhone.Build.0 = Release|Any CPU
		{CEFE7F9E-E42B-4530-8A99-14EA2442CCBC}.Ad-Hoc|iPhone.Deploy.0 = Release|Any CPU
		{CEFE7F9E-E42B-4530-8A99-14EA2442CCBC}.Ad-Hoc|iPhoneSimulator.ActiveCfg = Release|Any CPU
		{CEFE7F9E-E42B-4530-8A99-14EA2442CCBC}.Ad-Hoc|iPhoneSimulator.Build.0 = Release|Any CPU
		{CEFE7F9E-E42B-4530-8A99-14EA2442CCBC}.Ad-Hoc|iPhoneSimulator.Deploy.0 = Release|Any CPU
		{CEFE7F9E-E42B-4530-8A99-14EA2442CCBC}.Ad-Hoc|x64.ActiveCfg = Release|Any CPU
		{CEFE7F9E-E42B-4530-8A99-14EA2442CCBC}.Ad-Hoc|x64.Build.0 = Release|Any CPU
		{CEFE7F9E-E42B-4530-8A99-14EA2442CCBC}.Ad-Hoc|x64.Deploy.0 = Release|Any CPU
		{CEFE7F9E-E42B-4530-8A99-14EA2442CCBC}.Ad-Hoc|x86.ActiveCfg = Release|Any CPU
		{CEFE7F9E-E42B-4530-8A99-14EA2442CCBC}.Ad-Hoc|x86.Build.0 = Release|Any CPU
		{CEFE7F9E-E42B-4530-8A99-14EA2442CCBC}.Ad-Hoc|x86.Deploy.0 = Release|Any CPU
		{CEFE7F9E-E42B-4530-8A99-14EA2442CCBC}.AppStore|Any CPU.ActiveCfg = Release|Any CPU
		{CEFE7F9E-E42B-4530-8A99-14EA2442CCBC}.AppStore|Any CPU.Build.0 = Release|Any CPU
		{CEFE7F9E-E42B-4530-8A99-14EA2442CCBC}.AppStore|Any CPU.Deploy.0 = Release|Any CPU
		{CEFE7F9E-E42B-4530-8A99-14EA2442CCBC}.AppStore|ARM.ActiveCfg = Release|Any CPU
		{CEFE7F9E-E42B-4530-8A99-14EA2442CCBC}.AppStore|ARM.Build.0 = Release|Any CPU
		{CEFE7F9E-E42B-4530-8A99-14EA2442CCBC}.AppStore|ARM.Deploy.0 = Release|Any CPU
		{CEFE7F9E-E42B-4530-8A99-14EA2442CCBC}.AppStore|iPhone.ActiveCfg = Release|Any CPU
		{CEFE7F9E-E42B-4530-8A99-14EA2442CCBC}.AppStore|iPhone.Build.0 = Release|Any CPU
		{CEFE7F9E-E42B-4530-8A99-14EA2442CCBC}.AppStore|iPhone.Deploy.0 = Release|Any CPU
		{CEFE7F9E-E42B-4530-8A99-14EA2442CCBC}.AppStore|iPhoneSimulator.ActiveCfg = Release|Any CPU
		{CEFE7F9E-E42B-4530-8A99-14EA2442CCBC}.AppStore|iPhoneSimulator.Build.0 = Release|Any CPU
		{CEFE7F9E-E42B-4530-8A99-14EA2442CCBC}.AppStore|iPhoneSimulator.Deploy.0 = Release|Any CPU
		{CEFE7F9E-E42B-4530-8A99-14EA2442CCBC}.AppStore|x64.ActiveCfg = Release|Any CPU
		{CEFE7F9E-E42B-4530-8A99-14EA2442CCBC}.AppStore|x64.Build.0 = Release|Any CPU
		{CEFE7F9E-E42B-4530-8A99-14EA2442CCBC}.AppStore|x64.Deploy.0 = Release|Any CPU
		{CEFE7F9E-E42B-4530-8A99-14EA2442CCBC}.AppStore|x86.ActiveCfg = Release|Any CPU
		{CEFE7F9E-E42B-4530-8A99-14EA2442CCBC}.AppStore|x86.Build.0 = Release|Any CPU
		{CEFE7F9E-E42B-4530-8A99-14EA2442CCBC}.AppStore|x86.Deploy.0 = Release|Any CPU
		{CEFE7F9E-E42B-4530-8A99-14EA2442CCBC}.Debug|Any CPU.ActiveCfg = Debug|Any CPU
		{CEFE7F9E-E42B-4530-8A99-14EA2442CCBC}.Debug|Any CPU.Build.0 = Debug|Any CPU
		{CEFE7F9E-E42B-4530-8A99-14EA2442CCBC}.Debug|Any CPU.Deploy.0 = Debug|Any CPU
		{CEFE7F9E-E42B-4530-8A99-14EA2442CCBC}.Debug|ARM.ActiveCfg = Debug|Any CPU
		{CEFE7F9E-E42B-4530-8A99-14EA2442CCBC}.Debug|ARM.Build.0 = Debug|Any CPU
		{CEFE7F9E-E42B-4530-8A99-14EA2442CCBC}.Debug|ARM.Deploy.0 = Debug|Any CPU
		{CEFE7F9E-E42B-4530-8A99-14EA2442CCBC}.Debug|iPhone.ActiveCfg = Debug|Any CPU
		{CEFE7F9E-E42B-4530-8A99-14EA2442CCBC}.Debug|iPhone.Build.0 = Debug|Any CPU
		{CEFE7F9E-E42B-4530-8A99-14EA2442CCBC}.Debug|iPhone.Deploy.0 = Debug|Any CPU
		{CEFE7F9E-E42B-4530-8A99-14EA2442CCBC}.Debug|iPhoneSimulator.ActiveCfg = Debug|Any CPU
		{CEFE7F9E-E42B-4530-8A99-14EA2442CCBC}.Debug|iPhoneSimulator.Build.0 = Debug|Any CPU
		{CEFE7F9E-E42B-4530-8A99-14EA2442CCBC}.Debug|iPhoneSimulator.Deploy.0 = Debug|Any CPU
		{CEFE7F9E-E42B-4530-8A99-14EA2442CCBC}.Debug|x64.ActiveCfg = Debug|Any CPU
		{CEFE7F9E-E42B-4530-8A99-14EA2442CCBC}.Debug|x64.Build.0 = Debug|Any CPU
		{CEFE7F9E-E42B-4530-8A99-14EA2442CCBC}.Debug|x64.Deploy.0 = Debug|Any CPU
		{CEFE7F9E-E42B-4530-8A99-14EA2442CCBC}.Debug|x86.ActiveCfg = Debug|Any CPU
		{CEFE7F9E-E42B-4530-8A99-14EA2442CCBC}.Debug|x86.Build.0 = Debug|Any CPU
		{CEFE7F9E-E42B-4530-8A99-14EA2442CCBC}.Debug|x86.Deploy.0 = Debug|Any CPU
		{CEFE7F9E-E42B-4530-8A99-14EA2442CCBC}.Release|Any CPU.ActiveCfg = Release|Any CPU
		{CEFE7F9E-E42B-4530-8A99-14EA2442CCBC}.Release|Any CPU.Build.0 = Release|Any CPU
		{CEFE7F9E-E42B-4530-8A99-14EA2442CCBC}.Release|Any CPU.Deploy.0 = Release|Any CPU
		{CEFE7F9E-E42B-4530-8A99-14EA2442CCBC}.Release|ARM.ActiveCfg = Release|Any CPU
		{CEFE7F9E-E42B-4530-8A99-14EA2442CCBC}.Release|ARM.Build.0 = Release|Any CPU
		{CEFE7F9E-E42B-4530-8A99-14EA2442CCBC}.Release|ARM.Deploy.0 = Release|Any CPU
		{CEFE7F9E-E42B-4530-8A99-14EA2442CCBC}.Release|iPhone.ActiveCfg = Release|Any CPU
		{CEFE7F9E-E42B-4530-8A99-14EA2442CCBC}.Release|iPhone.Build.0 = Release|Any CPU
		{CEFE7F9E-E42B-4530-8A99-14EA2442CCBC}.Release|iPhone.Deploy.0 = Release|Any CPU
		{CEFE7F9E-E42B-4530-8A99-14EA2442CCBC}.Release|iPhoneSimulator.ActiveCfg = Release|Any CPU
		{CEFE7F9E-E42B-4530-8A99-14EA2442CCBC}.Release|iPhoneSimulator.Build.0 = Release|Any CPU
		{CEFE7F9E-E42B-4530-8A99-14EA2442CCBC}.Release|iPhoneSimulator.Deploy.0 = Release|Any CPU
		{CEFE7F9E-E42B-4530-8A99-14EA2442CCBC}.Release|x64.ActiveCfg = Release|Any CPU
		{CEFE7F9E-E42B-4530-8A99-14EA2442CCBC}.Release|x64.Build.0 = Release|Any CPU
		{CEFE7F9E-E42B-4530-8A99-14EA2442CCBC}.Release|x64.Deploy.0 = Release|Any CPU
		{CEFE7F9E-E42B-4530-8A99-14EA2442CCBC}.Release|x86.ActiveCfg = Release|Any CPU
		{CEFE7F9E-E42B-4530-8A99-14EA2442CCBC}.Release|x86.Build.0 = Release|Any CPU
		{CEFE7F9E-E42B-4530-8A99-14EA2442CCBC}.Release|x86.Deploy.0 = Release|Any CPU
		{5517BE49-842B-4882-9A8D-E0A30A666322}.Ad-Hoc|Any CPU.ActiveCfg = Ad-Hoc|iPhone
		{5517BE49-842B-4882-9A8D-E0A30A666322}.Ad-Hoc|ARM.ActiveCfg = Ad-Hoc|iPhone
		{5517BE49-842B-4882-9A8D-E0A30A666322}.Ad-Hoc|iPhone.ActiveCfg = Ad-Hoc|iPhone
		{5517BE49-842B-4882-9A8D-E0A30A666322}.Ad-Hoc|iPhone.Build.0 = Ad-Hoc|iPhone
		{5517BE49-842B-4882-9A8D-E0A30A666322}.Ad-Hoc|iPhoneSimulator.ActiveCfg = Ad-Hoc|iPhoneSimulator
		{5517BE49-842B-4882-9A8D-E0A30A666322}.Ad-Hoc|iPhoneSimulator.Build.0 = Ad-Hoc|iPhoneSimulator
		{5517BE49-842B-4882-9A8D-E0A30A666322}.Ad-Hoc|x64.ActiveCfg = Ad-Hoc|iPhone
		{5517BE49-842B-4882-9A8D-E0A30A666322}.Ad-Hoc|x86.ActiveCfg = Ad-Hoc|iPhone
		{5517BE49-842B-4882-9A8D-E0A30A666322}.AppStore|Any CPU.ActiveCfg = AppStore|iPhone
		{5517BE49-842B-4882-9A8D-E0A30A666322}.AppStore|ARM.ActiveCfg = AppStore|iPhone
		{5517BE49-842B-4882-9A8D-E0A30A666322}.AppStore|iPhone.ActiveCfg = AppStore|iPhone
		{5517BE49-842B-4882-9A8D-E0A30A666322}.AppStore|iPhone.Build.0 = AppStore|iPhone
		{5517BE49-842B-4882-9A8D-E0A30A666322}.AppStore|iPhoneSimulator.ActiveCfg = AppStore|iPhoneSimulator
		{5517BE49-842B-4882-9A8D-E0A30A666322}.AppStore|iPhoneSimulator.Build.0 = AppStore|iPhoneSimulator
		{5517BE49-842B-4882-9A8D-E0A30A666322}.AppStore|x64.ActiveCfg = AppStore|iPhone
		{5517BE49-842B-4882-9A8D-E0A30A666322}.AppStore|x86.ActiveCfg = AppStore|iPhone
		{5517BE49-842B-4882-9A8D-E0A30A666322}.Debug|Any CPU.ActiveCfg = Debug|iPhone
		{5517BE49-842B-4882-9A8D-E0A30A666322}.Debug|ARM.ActiveCfg = Debug|iPhone
		{5517BE49-842B-4882-9A8D-E0A30A666322}.Debug|iPhone.ActiveCfg = Debug|iPhone
		{5517BE49-842B-4882-9A8D-E0A30A666322}.Debug|iPhone.Build.0 = Debug|iPhone
		{5517BE49-842B-4882-9A8D-E0A30A666322}.Debug|iPhoneSimulator.ActiveCfg = Debug|iPhoneSimulator
		{5517BE49-842B-4882-9A8D-E0A30A666322}.Debug|iPhoneSimulator.Build.0 = Debug|iPhoneSimulator
		{5517BE49-842B-4882-9A8D-E0A30A666322}.Debug|x64.ActiveCfg = Debug|iPhone
		{5517BE49-842B-4882-9A8D-E0A30A666322}.Debug|x86.ActiveCfg = Debug|iPhone
		{5517BE49-842B-4882-9A8D-E0A30A666322}.Release|Any CPU.ActiveCfg = Release|iPhone
		{5517BE49-842B-4882-9A8D-E0A30A666322}.Release|ARM.ActiveCfg = Release|iPhone
		{5517BE49-842B-4882-9A8D-E0A30A666322}.Release|iPhone.ActiveCfg = Release|iPhone
		{5517BE49-842B-4882-9A8D-E0A30A666322}.Release|iPhone.Build.0 = Release|iPhone
		{5517BE49-842B-4882-9A8D-E0A30A666322}.Release|iPhoneSimulator.ActiveCfg = Release|iPhoneSimulator
		{5517BE49-842B-4882-9A8D-E0A30A666322}.Release|iPhoneSimulator.Build.0 = Release|iPhoneSimulator
		{5517BE49-842B-4882-9A8D-E0A30A666322}.Release|x64.ActiveCfg = Release|iPhone
		{5517BE49-842B-4882-9A8D-E0A30A666322}.Release|x86.ActiveCfg = Release|iPhone
		{3C813CFD-C30B-481A-8377-E3D6AE618A13}.Ad-Hoc|Any CPU.ActiveCfg = Release|Any CPU
		{3C813CFD-C30B-481A-8377-E3D6AE618A13}.Ad-Hoc|Any CPU.Build.0 = Release|Any CPU
		{3C813CFD-C30B-481A-8377-E3D6AE618A13}.Ad-Hoc|Any CPU.Deploy.0 = Release|Any CPU
		{3C813CFD-C30B-481A-8377-E3D6AE618A13}.Ad-Hoc|ARM.ActiveCfg = Release|ARM
		{3C813CFD-C30B-481A-8377-E3D6AE618A13}.Ad-Hoc|ARM.Build.0 = Release|ARM
		{3C813CFD-C30B-481A-8377-E3D6AE618A13}.Ad-Hoc|ARM.Deploy.0 = Release|ARM
		{3C813CFD-C30B-481A-8377-E3D6AE618A13}.Ad-Hoc|iPhone.ActiveCfg = Release|Any CPU
		{3C813CFD-C30B-481A-8377-E3D6AE618A13}.Ad-Hoc|iPhone.Build.0 = Release|Any CPU
		{3C813CFD-C30B-481A-8377-E3D6AE618A13}.Ad-Hoc|iPhone.Deploy.0 = Release|Any CPU
		{3C813CFD-C30B-481A-8377-E3D6AE618A13}.Ad-Hoc|iPhoneSimulator.ActiveCfg = Release|Any CPU
		{3C813CFD-C30B-481A-8377-E3D6AE618A13}.Ad-Hoc|iPhoneSimulator.Build.0 = Release|Any CPU
		{3C813CFD-C30B-481A-8377-E3D6AE618A13}.Ad-Hoc|iPhoneSimulator.Deploy.0 = Release|Any CPU
		{3C813CFD-C30B-481A-8377-E3D6AE618A13}.Ad-Hoc|x64.ActiveCfg = Release|x64
		{3C813CFD-C30B-481A-8377-E3D6AE618A13}.Ad-Hoc|x64.Build.0 = Release|x64
		{3C813CFD-C30B-481A-8377-E3D6AE618A13}.Ad-Hoc|x64.Deploy.0 = Release|x64
		{3C813CFD-C30B-481A-8377-E3D6AE618A13}.Ad-Hoc|x86.ActiveCfg = Release|x86
		{3C813CFD-C30B-481A-8377-E3D6AE618A13}.Ad-Hoc|x86.Build.0 = Release|x86
		{3C813CFD-C30B-481A-8377-E3D6AE618A13}.Ad-Hoc|x86.Deploy.0 = Release|x86
		{3C813CFD-C30B-481A-8377-E3D6AE618A13}.AppStore|Any CPU.ActiveCfg = Release|Any CPU
		{3C813CFD-C30B-481A-8377-E3D6AE618A13}.AppStore|Any CPU.Build.0 = Release|Any CPU
		{3C813CFD-C30B-481A-8377-E3D6AE618A13}.AppStore|Any CPU.Deploy.0 = Release|Any CPU
		{3C813CFD-C30B-481A-8377-E3D6AE618A13}.AppStore|ARM.ActiveCfg = Release|ARM
		{3C813CFD-C30B-481A-8377-E3D6AE618A13}.AppStore|ARM.Build.0 = Release|ARM
		{3C813CFD-C30B-481A-8377-E3D6AE618A13}.AppStore|ARM.Deploy.0 = Release|ARM
		{3C813CFD-C30B-481A-8377-E3D6AE618A13}.AppStore|iPhone.ActiveCfg = Release|Any CPU
		{3C813CFD-C30B-481A-8377-E3D6AE618A13}.AppStore|iPhone.Build.0 = Release|Any CPU
		{3C813CFD-C30B-481A-8377-E3D6AE618A13}.AppStore|iPhone.Deploy.0 = Release|Any CPU
		{3C813CFD-C30B-481A-8377-E3D6AE618A13}.AppStore|iPhoneSimulator.ActiveCfg = Release|Any CPU
		{3C813CFD-C30B-481A-8377-E3D6AE618A13}.AppStore|iPhoneSimulator.Build.0 = Release|Any CPU
		{3C813CFD-C30B-481A-8377-E3D6AE618A13}.AppStore|iPhoneSimulator.Deploy.0 = Release|Any CPU
		{3C813CFD-C30B-481A-8377-E3D6AE618A13}.AppStore|x64.ActiveCfg = Release|x64
		{3C813CFD-C30B-481A-8377-E3D6AE618A13}.AppStore|x64.Build.0 = Release|x64
		{3C813CFD-C30B-481A-8377-E3D6AE618A13}.AppStore|x64.Deploy.0 = Release|x64
		{3C813CFD-C30B-481A-8377-E3D6AE618A13}.AppStore|x86.ActiveCfg = Release|x86
		{3C813CFD-C30B-481A-8377-E3D6AE618A13}.AppStore|x86.Build.0 = Release|x86
		{3C813CFD-C30B-481A-8377-E3D6AE618A13}.AppStore|x86.Deploy.0 = Release|x86
		{3C813CFD-C30B-481A-8377-E3D6AE618A13}.Debug|Any CPU.ActiveCfg = Debug|Any CPU
		{3C813CFD-C30B-481A-8377-E3D6AE618A13}.Debug|Any CPU.Build.0 = Debug|Any CPU
		{3C813CFD-C30B-481A-8377-E3D6AE618A13}.Debug|Any CPU.Deploy.0 = Debug|Any CPU
		{3C813CFD-C30B-481A-8377-E3D6AE618A13}.Debug|ARM.ActiveCfg = Debug|ARM
		{3C813CFD-C30B-481A-8377-E3D6AE618A13}.Debug|ARM.Build.0 = Debug|ARM
		{3C813CFD-C30B-481A-8377-E3D6AE618A13}.Debug|ARM.Deploy.0 = Debug|ARM
		{3C813CFD-C30B-481A-8377-E3D6AE618A13}.Debug|iPhone.ActiveCfg = Debug|Any CPU
		{3C813CFD-C30B-481A-8377-E3D6AE618A13}.Debug|iPhone.Build.0 = Debug|Any CPU
		{3C813CFD-C30B-481A-8377-E3D6AE618A13}.Debug|iPhone.Deploy.0 = Debug|Any CPU
		{3C813CFD-C30B-481A-8377-E3D6AE618A13}.Debug|iPhoneSimulator.ActiveCfg = Debug|Any CPU
		{3C813CFD-C30B-481A-8377-E3D6AE618A13}.Debug|iPhoneSimulator.Build.0 = Debug|Any CPU
		{3C813CFD-C30B-481A-8377-E3D6AE618A13}.Debug|iPhoneSimulator.Deploy.0 = Debug|Any CPU
		{3C813CFD-C30B-481A-8377-E3D6AE618A13}.Debug|x64.ActiveCfg = Debug|x64
		{3C813CFD-C30B-481A-8377-E3D6AE618A13}.Debug|x64.Build.0 = Debug|x64
		{3C813CFD-C30B-481A-8377-E3D6AE618A13}.Debug|x64.Deploy.0 = Debug|x64
		{3C813CFD-C30B-481A-8377-E3D6AE618A13}.Debug|x86.ActiveCfg = Debug|x86
		{3C813CFD-C30B-481A-8377-E3D6AE618A13}.Debug|x86.Build.0 = Debug|x86
		{3C813CFD-C30B-481A-8377-E3D6AE618A13}.Debug|x86.Deploy.0 = Debug|x86
		{3C813CFD-C30B-481A-8377-E3D6AE618A13}.Release|Any CPU.ActiveCfg = Release|Any CPU
		{3C813CFD-C30B-481A-8377-E3D6AE618A13}.Release|Any CPU.Build.0 = Release|Any CPU
		{3C813CFD-C30B-481A-8377-E3D6AE618A13}.Release|Any CPU.Deploy.0 = Release|Any CPU
		{3C813CFD-C30B-481A-8377-E3D6AE618A13}.Release|ARM.ActiveCfg = Release|ARM
		{3C813CFD-C30B-481A-8377-E3D6AE618A13}.Release|ARM.Build.0 = Release|ARM
		{3C813CFD-C30B-481A-8377-E3D6AE618A13}.Release|ARM.Deploy.0 = Release|ARM
		{3C813CFD-C30B-481A-8377-E3D6AE618A13}.Release|iPhone.ActiveCfg = Release|Any CPU
		{3C813CFD-C30B-481A-8377-E3D6AE618A13}.Release|iPhone.Build.0 = Release|Any CPU
		{3C813CFD-C30B-481A-8377-E3D6AE618A13}.Release|iPhone.Deploy.0 = Release|Any CPU
		{3C813CFD-C30B-481A-8377-E3D6AE618A13}.Release|iPhoneSimulator.ActiveCfg = Release|Any CPU
		{3C813CFD-C30B-481A-8377-E3D6AE618A13}.Release|iPhoneSimulator.Build.0 = Release|Any CPU
		{3C813CFD-C30B-481A-8377-E3D6AE618A13}.Release|iPhoneSimulator.Deploy.0 = Release|Any CPU
		{3C813CFD-C30B-481A-8377-E3D6AE618A13}.Release|x64.ActiveCfg = Release|x64
		{3C813CFD-C30B-481A-8377-E3D6AE618A13}.Release|x64.Build.0 = Release|x64
		{3C813CFD-C30B-481A-8377-E3D6AE618A13}.Release|x64.Deploy.0 = Release|x64
		{3C813CFD-C30B-481A-8377-E3D6AE618A13}.Release|x86.ActiveCfg = Release|x86
		{3C813CFD-C30B-481A-8377-E3D6AE618A13}.Release|x86.Build.0 = Release|x86
		{3C813CFD-C30B-481A-8377-E3D6AE618A13}.Release|x86.Deploy.0 = Release|x86
		{EA9B0889-B005-48D0-99D0-36EAB957AB96}.Ad-Hoc|Any CPU.ActiveCfg = Release|Any CPU
		{EA9B0889-B005-48D0-99D0-36EAB957AB96}.Ad-Hoc|Any CPU.Build.0 = Release|Any CPU
		{EA9B0889-B005-48D0-99D0-36EAB957AB96}.Ad-Hoc|ARM.ActiveCfg = Release|Any CPU
		{EA9B0889-B005-48D0-99D0-36EAB957AB96}.Ad-Hoc|ARM.Build.0 = Release|Any CPU
		{EA9B0889-B005-48D0-99D0-36EAB957AB96}.Ad-Hoc|iPhone.ActiveCfg = Release|Any CPU
		{EA9B0889-B005-48D0-99D0-36EAB957AB96}.Ad-Hoc|iPhone.Build.0 = Release|Any CPU
		{EA9B0889-B005-48D0-99D0-36EAB957AB96}.Ad-Hoc|iPhoneSimulator.ActiveCfg = Release|Any CPU
		{EA9B0889-B005-48D0-99D0-36EAB957AB96}.Ad-Hoc|iPhoneSimulator.Build.0 = Release|Any CPU
		{EA9B0889-B005-48D0-99D0-36EAB957AB96}.Ad-Hoc|x64.ActiveCfg = Release|Any CPU
		{EA9B0889-B005-48D0-99D0-36EAB957AB96}.Ad-Hoc|x64.Build.0 = Release|Any CPU
		{EA9B0889-B005-48D0-99D0-36EAB957AB96}.Ad-Hoc|x86.ActiveCfg = Release|Any CPU
		{EA9B0889-B005-48D0-99D0-36EAB957AB96}.Ad-Hoc|x86.Build.0 = Release|Any CPU
		{EA9B0889-B005-48D0-99D0-36EAB957AB96}.AppStore|Any CPU.ActiveCfg = Release|Any CPU
		{EA9B0889-B005-48D0-99D0-36EAB957AB96}.AppStore|Any CPU.Build.0 = Release|Any CPU
		{EA9B0889-B005-48D0-99D0-36EAB957AB96}.AppStore|ARM.ActiveCfg = Release|Any CPU
		{EA9B0889-B005-48D0-99D0-36EAB957AB96}.AppStore|ARM.Build.0 = Release|Any CPU
		{EA9B0889-B005-48D0-99D0-36EAB957AB96}.AppStore|iPhone.ActiveCfg = Release|Any CPU
		{EA9B0889-B005-48D0-99D0-36EAB957AB96}.AppStore|iPhone.Build.0 = Release|Any CPU
		{EA9B0889-B005-48D0-99D0-36EAB957AB96}.AppStore|iPhoneSimulator.ActiveCfg = Release|Any CPU
		{EA9B0889-B005-48D0-99D0-36EAB957AB96}.AppStore|iPhoneSimulator.Build.0 = Release|Any CPU
		{EA9B0889-B005-48D0-99D0-36EAB957AB96}.AppStore|x64.ActiveCfg = Release|Any CPU
		{EA9B0889-B005-48D0-99D0-36EAB957AB96}.AppStore|x64.Build.0 = Release|Any CPU
		{EA9B0889-B005-48D0-99D0-36EAB957AB96}.AppStore|x86.ActiveCfg = Release|Any CPU
		{EA9B0889-B005-48D0-99D0-36EAB957AB96}.AppStore|x86.Build.0 = Release|Any CPU
		{EA9B0889-B005-48D0-99D0-36EAB957AB96}.Debug|Any CPU.ActiveCfg = Debug|Any CPU
		{EA9B0889-B005-48D0-99D0-36EAB957AB96}.Debug|Any CPU.Build.0 = Debug|Any CPU
		{EA9B0889-B005-48D0-99D0-36EAB957AB96}.Debug|ARM.ActiveCfg = Debug|Any CPU
		{EA9B0889-B005-48D0-99D0-36EAB957AB96}.Debug|ARM.Build.0 = Debug|Any CPU
		{EA9B0889-B005-48D0-99D0-36EAB957AB96}.Debug|iPhone.ActiveCfg = Debug|Any CPU
		{EA9B0889-B005-48D0-99D0-36EAB957AB96}.Debug|iPhone.Build.0 = Debug|Any CPU
		{EA9B0889-B005-48D0-99D0-36EAB957AB96}.Debug|iPhoneSimulator.ActiveCfg = Debug|Any CPU
		{EA9B0889-B005-48D0-99D0-36EAB957AB96}.Debug|iPhoneSimulator.Build.0 = Debug|Any CPU
		{EA9B0889-B005-48D0-99D0-36EAB957AB96}.Debug|x64.ActiveCfg = Debug|Any CPU
		{EA9B0889-B005-48D0-99D0-36EAB957AB96}.Debug|x64.Build.0 = Debug|Any CPU
		{EA9B0889-B005-48D0-99D0-36EAB957AB96}.Debug|x86.ActiveCfg = Debug|Any CPU
		{EA9B0889-B005-48D0-99D0-36EAB957AB96}.Debug|x86.Build.0 = Debug|Any CPU
		{EA9B0889-B005-48D0-99D0-36EAB957AB96}.Release|Any CPU.ActiveCfg = Release|Any CPU
		{EA9B0889-B005-48D0-99D0-36EAB957AB96}.Release|Any CPU.Build.0 = Release|Any CPU
		{EA9B0889-B005-48D0-99D0-36EAB957AB96}.Release|ARM.ActiveCfg = Release|Any CPU
		{EA9B0889-B005-48D0-99D0-36EAB957AB96}.Release|ARM.Build.0 = Release|Any CPU
		{EA9B0889-B005-48D0-99D0-36EAB957AB96}.Release|iPhone.ActiveCfg = Release|Any CPU
		{EA9B0889-B005-48D0-99D0-36EAB957AB96}.Release|iPhone.Build.0 = Release|Any CPU
		{EA9B0889-B005-48D0-99D0-36EAB957AB96}.Release|iPhoneSimulator.ActiveCfg = Release|Any CPU
		{EA9B0889-B005-48D0-99D0-36EAB957AB96}.Release|iPhoneSimulator.Build.0 = Release|Any CPU
		{EA9B0889-B005-48D0-99D0-36EAB957AB96}.Release|x64.ActiveCfg = Release|Any CPU
		{EA9B0889-B005-48D0-99D0-36EAB957AB96}.Release|x64.Build.0 = Release|Any CPU
		{EA9B0889-B005-48D0-99D0-36EAB957AB96}.Release|x86.ActiveCfg = Release|Any CPU
		{EA9B0889-B005-48D0-99D0-36EAB957AB96}.Release|x86.Build.0 = Release|Any CPU
		{12182C30-BA1B-4DFF-8728-7643E9DDD76A}.Ad-Hoc|Any CPU.ActiveCfg = Release|Any CPU
		{12182C30-BA1B-4DFF-8728-7643E9DDD76A}.Ad-Hoc|Any CPU.Build.0 = Release|Any CPU
		{12182C30-BA1B-4DFF-8728-7643E9DDD76A}.Ad-Hoc|ARM.ActiveCfg = Release|Any CPU
		{12182C30-BA1B-4DFF-8728-7643E9DDD76A}.Ad-Hoc|ARM.Build.0 = Release|Any CPU
		{12182C30-BA1B-4DFF-8728-7643E9DDD76A}.Ad-Hoc|iPhone.ActiveCfg = Release|Any CPU
		{12182C30-BA1B-4DFF-8728-7643E9DDD76A}.Ad-Hoc|iPhone.Build.0 = Release|Any CPU
		{12182C30-BA1B-4DFF-8728-7643E9DDD76A}.Ad-Hoc|iPhoneSimulator.ActiveCfg = Release|Any CPU
		{12182C30-BA1B-4DFF-8728-7643E9DDD76A}.Ad-Hoc|iPhoneSimulator.Build.0 = Release|Any CPU
		{12182C30-BA1B-4DFF-8728-7643E9DDD76A}.Ad-Hoc|x64.ActiveCfg = Release|Any CPU
		{12182C30-BA1B-4DFF-8728-7643E9DDD76A}.Ad-Hoc|x64.Build.0 = Release|Any CPU
		{12182C30-BA1B-4DFF-8728-7643E9DDD76A}.Ad-Hoc|x86.ActiveCfg = Release|Any CPU
		{12182C30-BA1B-4DFF-8728-7643E9DDD76A}.Ad-Hoc|x86.Build.0 = Release|Any CPU
		{12182C30-BA1B-4DFF-8728-7643E9DDD76A}.AppStore|Any CPU.ActiveCfg = Release|Any CPU
		{12182C30-BA1B-4DFF-8728-7643E9DDD76A}.AppStore|Any CPU.Build.0 = Release|Any CPU
		{12182C30-BA1B-4DFF-8728-7643E9DDD76A}.AppStore|ARM.ActiveCfg = Release|Any CPU
		{12182C30-BA1B-4DFF-8728-7643E9DDD76A}.AppStore|ARM.Build.0 = Release|Any CPU
		{12182C30-BA1B-4DFF-8728-7643E9DDD76A}.AppStore|iPhone.ActiveCfg = Release|Any CPU
		{12182C30-BA1B-4DFF-8728-7643E9DDD76A}.AppStore|iPhone.Build.0 = Release|Any CPU
		{12182C30-BA1B-4DFF-8728-7643E9DDD76A}.AppStore|iPhoneSimulator.ActiveCfg = Release|Any CPU
		{12182C30-BA1B-4DFF-8728-7643E9DDD76A}.AppStore|iPhoneSimulator.Build.0 = Release|Any CPU
		{12182C30-BA1B-4DFF-8728-7643E9DDD76A}.AppStore|x64.ActiveCfg = Release|Any CPU
		{12182C30-BA1B-4DFF-8728-7643E9DDD76A}.AppStore|x64.Build.0 = Release|Any CPU
		{12182C30-BA1B-4DFF-8728-7643E9DDD76A}.AppStore|x86.ActiveCfg = Release|Any CPU
		{12182C30-BA1B-4DFF-8728-7643E9DDD76A}.AppStore|x86.Build.0 = Release|Any CPU
		{12182C30-BA1B-4DFF-8728-7643E9DDD76A}.Debug|Any CPU.ActiveCfg = Debug|Any CPU
		{12182C30-BA1B-4DFF-8728-7643E9DDD76A}.Debug|Any CPU.Build.0 = Debug|Any CPU
		{12182C30-BA1B-4DFF-8728-7643E9DDD76A}.Debug|ARM.ActiveCfg = Debug|Any CPU
		{12182C30-BA1B-4DFF-8728-7643E9DDD76A}.Debug|ARM.Build.0 = Debug|Any CPU
		{12182C30-BA1B-4DFF-8728-7643E9DDD76A}.Debug|iPhone.ActiveCfg = Debug|Any CPU
		{12182C30-BA1B-4DFF-8728-7643E9DDD76A}.Debug|iPhone.Build.0 = Debug|Any CPU
		{12182C30-BA1B-4DFF-8728-7643E9DDD76A}.Debug|iPhoneSimulator.ActiveCfg = Debug|Any CPU
		{12182C30-BA1B-4DFF-8728-7643E9DDD76A}.Debug|iPhoneSimulator.Build.0 = Debug|Any CPU
		{12182C30-BA1B-4DFF-8728-7643E9DDD76A}.Debug|x64.ActiveCfg = Debug|Any CPU
		{12182C30-BA1B-4DFF-8728-7643E9DDD76A}.Debug|x64.Build.0 = Debug|Any CPU
		{12182C30-BA1B-4DFF-8728-7643E9DDD76A}.Debug|x86.ActiveCfg = Debug|Any CPU
		{12182C30-BA1B-4DFF-8728-7643E9DDD76A}.Debug|x86.Build.0 = Debug|Any CPU
		{12182C30-BA1B-4DFF-8728-7643E9DDD76A}.Release|Any CPU.ActiveCfg = Release|Any CPU
		{12182C30-BA1B-4DFF-8728-7643E9DDD76A}.Release|Any CPU.Build.0 = Release|Any CPU
		{12182C30-BA1B-4DFF-8728-7643E9DDD76A}.Release|ARM.ActiveCfg = Release|Any CPU
		{12182C30-BA1B-4DFF-8728-7643E9DDD76A}.Release|ARM.Build.0 = Release|Any CPU
		{12182C30-BA1B-4DFF-8728-7643E9DDD76A}.Release|iPhone.ActiveCfg = Release|Any CPU
		{12182C30-BA1B-4DFF-8728-7643E9DDD76A}.Release|iPhone.Build.0 = Release|Any CPU
		{12182C30-BA1B-4DFF-8728-7643E9DDD76A}.Release|iPhoneSimulator.ActiveCfg = Release|Any CPU
		{12182C30-BA1B-4DFF-8728-7643E9DDD76A}.Release|iPhoneSimulator.Build.0 = Release|Any CPU
		{12182C30-BA1B-4DFF-8728-7643E9DDD76A}.Release|x64.ActiveCfg = Release|Any CPU
		{12182C30-BA1B-4DFF-8728-7643E9DDD76A}.Release|x64.Build.0 = Release|Any CPU
		{12182C30-BA1B-4DFF-8728-7643E9DDD76A}.Release|x86.ActiveCfg = Release|Any CPU
		{12182C30-BA1B-4DFF-8728-7643E9DDD76A}.Release|x86.Build.0 = Release|Any CPU
	EndGlobalSection
	GlobalSection(SolutionProperties) = preSolution
		HideSolutionNode = FALSE
	EndGlobalSection
	GlobalSection(NestedProjects) = preSolution
		{AB5910C6-ECD8-4E28-8CFE-F0368448ABAD} = {A9680C31-F5EE-4B4A-BAD2-EC347C9BBE41}
		{679A53ED-484F-44CA-BD2A-82E7A57A62B5} = {A9680C31-F5EE-4B4A-BAD2-EC347C9BBE41}
	EndGlobalSection
EndGlobal
